{
  "nodes": {
    "boxflinger": {
      "flake": false,
      "locked": {
        "lastModified": 1788463378,
        "narHash": "sha256-QI3YWzZsZInku+5Xv5aHJXF2MjWqG+kFaH2xeyDjg9A=",
        "ref": "refs/tags/V-1.0.13",
        "rev": "12aa49eb11586ddf5319fe8cf0eba16af92724c4",
        "revCount": 82,
        "type": "git",
        "url": "https://codeberg.org/ideumi/boxflinger"
      },
      "original": {
        "ref": "refs/tags/V-1.0.13",
        "type": "git",
        "url": "https://codeberg.org/ideumi/boxflinger"
      }
    },
    "chippy-src": {
      "flake": false,
      "locked": {
        "lastModified": 1789281466,
        "narHash": "sha256-ImLm4t8oIaF+emHMtAOcrMR/1KHA+C/PrqDZ8ZIztcA=",
        "ref": "refs/tags/V-1.1.2",
        "rev": "44ee0316a85e10c19e0bbb0d5162f7a81874f6d2",
        "revCount": 334,
        "type": "git",
        "url": "https://codeberg.org/ideumi/chippy"
      },
      "original": {
        "ref": "refs/tags/V-1.1.2",
        "type": "git",
        "url": "https://codeberg.org/ideumi/chippy"
      }
    },
    "depthfinder-src": {
      "flake": false,
      "locked": {
        "lastModified": 1789282703,
        "narHash": "sha256-nKLtnWtLjWD39tIok0X0l0jZ00t87vNT9TRvisuMSdE=",
        "ref": "refs/tags/V-1.0.16",
        "rev": "dbed46000d4beb54de78124c5cc88ed8b5fd4f96",
        "revCount": 93,
        "type": "git",
        "url": "https://codeberg.org/ideumi/depthfinder"
      },
      "original": {
        "ref": "refs/tags/V-1.0.16",
        "type": "git",
        "url": "https://codeberg.org/ideumi/depthfinder"
      }
    },
    "dfn-mounter-src": {
      "flake": false,
      "locked": {
        "lastModified": 1788591568,
        "narHash": "sha256-47O2nTRWZ4mNheQQAaAVr1Ril/hB/qaOOwwPQMpQueI=",
        "ref": "refs/tags/V-1.0.6",
        "rev": "0e22938f27d1eca2116e1078b8790cdb9a6eb7c1",
        "revCount": 33,
        "type": "git",
        "url": "https://codeberg.org/ideumi/dfn-mounter"
      },
      "original": {
        "ref": "refs/tags/V-1.0.6",
        "type": "git",
        "url": "https://codeberg.org/ideumi/dfn-mounter"
      }
    },
    "nixpkgs": {
      "locked": {
        "lastModified": 1786106723,
        "narHash": "sha256-zDSUbpoeo/9ZmD2+wXnzxoo1+uhL8vxc0b8yuYMKYq0=",
        "owner": "NixOS",
        "repo": "nixpkgs",
        "rev": "f13ff45afd1bb73e640eaa08a7066dbed07e3238",
        "type": "github"
      },
      "original": {
        "owner": "NixOS",
        "ref": "nixos-unstable",
        "repo": "nixpkgs",
        "type": "github"
      }
    },
    "root": {
      "inputs": {
        "boxflinger": "boxflinger",
        "chippy-src": "chippy-src",
        "depthfinder-src": "depthfinder-src",
        "dfn-mounter-src": "dfn-mounter-src",
        "nixpkgs": "nixpkgs"
      }
    }
  },
  "root": "root",
  "version": 7
}
